
Microsoft Visual Studio Solution File, Format Version 12.00
Project("{FAE04EC0-301F-11D3-BF4B-00C04F79EFBC}") = "ConsoleApp3", "ConsoleApp3\ConsoleApp3.csproj", "{21232EC1-1FA4-4940-939E-5B6BD60F0992}"
EndProject
Global
	GlobalSection(SolutionConfigurationPlatforms) = preSolution
		Debug|Any CPU = Debug|Any CPU
		Release|Any CPU = Release|Any CPU
	EndGlobalSection
	GlobalSection(ProjectConfigurationPlatforms) = postSolution
		{21232EC1-1FA4-4940-939E-5B6BD60F0992}.Debug|Any CPU.ActiveCfg = Debug|Any CPU
		{21232EC1-1FA4-4940-939E-5B6BD60F0992}.Debug|Any CPU.Build.0 = Debug|Any CPU
		{21232EC1-1FA4-4940-939E-5B6BD60F0992}.Release|Any CPU.ActiveCfg = Release|Any CPU
		{21232EC1-1FA4-4940-939E-5B6BD60F0992}.Release|Any CPU.Build.0 = Release|Any CPU
	EndGlobalSection
EndGlobal
