
Microsoft Visual Studio Solution File, Format Version 12.00
# Visual Studio Version 17
VisualStudioVersion = 17.5.33103.201
MinimumVisualStudioVersion = 10.0.40219.1
Project("{9A19103F-16F7-4668-BE54-9A1E7A4F7556}") = "ConsoleApp3", "ConsoleApp3\ConsoleApp3.csproj", "{21232EC1-1FA4-4940-939E-5B6BD60F0992}"
EndProject
Project("{2150E333-8FDC-42A3-9474-1A3956D46DE8}") = "Solution Items", "Solution Items", "{5A39A7E0-FEAA-4302-BAC2-3A5A858CB91D}"
EndProject
Global
	GlobalSection(SolutionConfigurationPlatforms) = preSolution
		Debug|Any CPU = Debug|Any CPU
		Release|Any CPU = Release|Any CPU
	EndGlobalSection
	GlobalSection(ProjectConfigurationPlatforms) = postSolution
		{21232EC1-1FA4-4940-939E-5B6BD60F0992}.Debug|Any CPU.ActiveCfg = Debug|Any CPU
		{21232EC1-1FA4-4940-939E-5B6BD60F0992}.Debug|Any CPU.Build.0 = Debug|Any CPU
		{21232EC1-1FA4-4940-939E-5B6BD60F0992}.Release|Any CPU.ActiveCfg = Release|Any CPU
		{21232EC1-1FA4-4940-939E-5B6BD60F0992}.Release|Any CPU.Build.0 = Release|Any CPU
	EndGlobalSection
	GlobalSection(SolutionProperties) = preSolution
		HideSolutionNode = FALSE
	EndGlobalSection
	GlobalSection(ExtensibilityGlobals) = postSolution
		SolutionGuid = {3BEE6F64-344B-4A0C-9A5E-3ED52EF98324}
	EndGlobalSection
EndGlobal
